
Microsoft Visual Studio Solution File, Format Version 12.00
# Visual Studio Version 16
VisualStudioVersion = 16.0.29215.179
MinimumVisualStudioVersion = 10.0.40219.1
Project("{FAE04EC0-301F-11D3-BF4B-00C04F79EFBC}") = "StudentServices", "StudentServices\StudentServices.csproj", "{4AC9DFCF-963A-42B3-B589-AF401C2B75E0}"
EndProject
Project("{FAE04EC0-301F-11D3-BF4B-00C04F79EFBC}") = "StudentServices.Tests", "StudentServices.Tests\StudentServices.Tests.csproj", "{833E9225-EB1F-4FB4-A187-80D23399EBE7}"
EndProject
Project("{FAE04EC0-301F-11D3-BF4B-00C04F79EFBC}") = "StudentDataAccess", "StudentDataAccess\StudentDataAccess.csproj", "{79A12E4B-85B1-42BE-B6F0-501296E33EB9}"
EndProject
Global
	GlobalSection(SolutionConfigurationPlatforms) = preSolution
		Debug|Any CPU = Debug|Any CPU
		Release|Any CPU = Release|Any CPU
	EndGlobalSection
	GlobalSection(ProjectConfigurationPlatforms) = postSolution
		{4AC9DFCF-963A-42B3-B589-AF401C2B75E0}.Debug|Any CPU.ActiveCfg = Debug|Any CPU
		{4AC9DFCF-963A-42B3-B589-AF401C2B75E0}.Debug|Any CPU.Build.0 = Debug|Any CPU
		{4AC9DFCF-963A-42B3-B589-AF401C2B75E0}.Release|Any CPU.ActiveCfg = Release|Any CPU
		{4AC9DFCF-963A-42B3-B589-AF401C2B75E0}.Release|Any CPU.Build.0 = Release|Any CPU
		{833E9225-EB1F-4FB4-A187-80D23399EBE7}.Debug|Any CPU.ActiveCfg = Debug|Any CPU
		{833E9225-EB1F-4FB4-A187-80D23399EBE7}.Debug|Any CPU.Build.0 = Debug|Any CPU
		{833E9225-EB1F-4FB4-A187-80D23399EBE7}.Release|Any CPU.ActiveCfg = Release|Any CPU
		{833E9225-EB1F-4FB4-A187-80D23399EBE7}.Release|Any CPU.Build.0 = Release|Any CPU
		{79A12E4B-85B1-42BE-B6F0-501296E33EB9}.Debug|Any CPU.ActiveCfg = Debug|Any CPU
		{79A12E4B-85B1-42BE-B6F0-501296E33EB9}.Debug|Any CPU.Build.0 = Debug|Any CPU
		{79A12E4B-85B1-42BE-B6F0-501296E33EB9}.Release|Any CPU.ActiveCfg = Release|Any CPU
		{79A12E4B-85B1-42BE-B6F0-501296E33EB9}.Release|Any CPU.Build.0 = Release|Any CPU
	EndGlobalSection
	GlobalSection(SolutionProperties) = preSolution
		HideSolutionNode = FALSE
	EndGlobalSection
	GlobalSection(ExtensibilityGlobals) = postSolution
		SolutionGuid = {FD8475D4-E6E1-46D9-AF33-4B8D78AFAE2E}
	EndGlobalSection
EndGlobal
